
Microsoft Visual Studio Solution File, Format Version 12.00
# Visual Studio Version 16
VisualStudioVersion = 16.0.31112.23
MinimumVisualStudioVersion = 10.0.40219.1
Project("{FAE04EC0-301F-11D3-BF4B-00C04F79EFBC}") = "playtictactoeTests", "playtictactoeTests\playtictactoeTests.csproj", "{3786A699-F8B5-48D7-BDB0-8EEBB9A20BEF}"
EndProject
Global
	GlobalSection(SolutionConfigurationPlatforms) = preSolution
		Debug|Any CPU = Debug|Any CPU
		Release|Any CPU = Release|Any CPU
	EndGlobalSection
	GlobalSection(ProjectConfigurationPlatforms) = postSolution
		{3786A699-F8B5-48D7-BDB0-8EEBB9A20BEF}.Debug|Any CPU.ActiveCfg = Debug|Any CPU
		{3786A699-F8B5-48D7-BDB0-8EEBB9A20BEF}.Debug|Any CPU.Build.0 = Debug|Any CPU
		{3786A699-F8B5-48D7-BDB0-8EEBB9A20BEF}.Release|Any CPU.ActiveCfg = Release|Any CPU
		{3786A699-F8B5-48D7-BDB0-8EEBB9A20BEF}.Release|Any CPU.Build.0 = Release|Any CPU
	EndGlobalSection
	GlobalSection(SolutionProperties) = preSolution
		HideSolutionNode = FALSE
	EndGlobalSection
	GlobalSection(ExtensibilityGlobals) = postSolution
		SolutionGuid = {C79656B6-2541-41AB-9254-9D9701065C4D}
	EndGlobalSection
EndGlobal
